// !$*UTF8*$!
{
	archiveVersion = 1;
	classes = {
	};
	objectVersion = 50;
	objects = {

/* Begin PBXBuildFile section */
		18473D1F2468217B0058A9FB /* encodeMuxer.cpp in Sources */ = {isa = PBXBuildFile; fileRef = 18473D1D2468217B0058A9FB /* encodeMuxer.cpp */; };
		1849FF3C245E443A00B41581 /* main.cpp in Sources */ = {isa = PBXBuildFile; fileRef = 1849FF3B245E443A00B41581 /* main.cpp */; };
		1849FF47245E453300B41581 /* transcode.cpp in Sources */ = {isa = PBXBuildFile; fileRef = 1849FF46245E453300B41581 /* transcode.cpp */; };
		1849FF5B245EBAE800B41581 /* VideoToolbox.framework in Frameworks */ = {isa = PBXBuildFile; fileRef = 1849FF5A245EBAE800B41581 /* VideoToolbox.framework */; };
		1849FF5D245EBAF000B41581 /* VideoDecodeAcceleration.framework in Frameworks */ = {isa = PBXBuildFile; fileRef = 1849FF5C245EBAF000B41581 /* VideoDecodeAcceleration.framework */; };
		1849FF5F245EBAFE00B41581 /* Security.framework in Frameworks */ = {isa = PBXBuildFile; fileRef = 1849FF5E245EBAFE00B41581 /* Security.framework */; };
		1849FF61245EBB0800B41581 /* libz.tbd in Frameworks */ = {isa = PBXBuildFile; fileRef = 1849FF60245EBB0800B41581 /* libz.tbd */; };
		1849FF63245EBB1200B41581 /* liblzma.tbd in Frameworks */ = {isa = PBXBuildFile; fileRef = 1849FF62245EBB1200B41581 /* liblzma.tbd */; };
		1849FF65245EBB1C00B41581 /* libiconv.tbd in Frameworks */ = {isa = PBXBuildFile; fileRef = 1849FF64245EBB1B00B41581 /* libiconv.tbd */; };
		1849FF67245EBB2800B41581 /* libbz2.tbd in Frameworks */ = {isa = PBXBuildFile; fileRef = 1849FF66245EBB2800B41581 /* libbz2.tbd */; };
		1849FF69245EBB3400B41581 /* CoreVideo.framework in Frameworks */ = {isa = PBXBuildFile; fileRef = 1849FF68245EBB3400B41581 /* CoreVideo.framework */; };
		1849FF6B245EBB4000B41581 /* CoreMedia.framework in Frameworks */ = {isa = PBXBuildFile; fileRef = 1849FF6A245EBB4000B41581 /* CoreMedia.framework */; };
		1849FF6D245EBB4D00B41581 /* CoreFoundation.framework in Frameworks */ = {isa = PBXBuildFile; fileRef = 1849FF6C245EBB4D00B41581 /* CoreFoundation.framework */; };
		1849FF6F245EBB5700B41581 /* AudioToolbox.framework in Frameworks */ = {isa = PBXBuildFile; fileRef = 1849FF6E245EBB5700B41581 /* AudioToolbox.framework */; };
		18740CB424619E99009B57A8 /* libmp3lame.a in Frameworks */ = {isa = PBXBuildFile; fileRef = 18740CAC24619E99009B57A8 /* libmp3lame.a */; };
		18740CB524619E99009B57A8 /* libswresample.a in Frameworks */ = {isa = PBXBuildFile; fileRef = 18740CAD24619E99009B57A8 /* libswresample.a */; };
		18740CB624619E99009B57A8 /* libavutil.a in Frameworks */ = {isa = PBXBuildFile; fileRef = 18740CAE24619E99009B57A8 /* libavutil.a */; };
		18740CB724619E99009B57A8 /* libswscale.a in Frameworks */ = {isa = PBXBuildFile; fileRef = 18740CAF24619E99009B57A8 /* libswscale.a */; };
		18740CB824619E99009B57A8 /* libx264.a in Frameworks */ = {isa = PBXBuildFile; fileRef = 18740CB024619E99009B57A8 /* libx264.a */; };
		18740CB924619E99009B57A8 /* libavfilter.a in Frameworks */ = {isa = PBXBuildFile; fileRef = 18740CB124619E99009B57A8 /* libavfilter.a */; };
		18740CBA24619E99009B57A8 /* libavcodec.a in Frameworks */ = {isa = PBXBuildFile; fileRef = 18740CB224619E99009B57A8 /* libavcodec.a */; };
		18740CBB24619E99009B57A8 /* libavformat.a in Frameworks */ = {isa = PBXBuildFile; fileRef = 18740CB324619E99009B57A8 /* libavformat.a */; };
		18740CC72461A097009B57A8 /* CLog.c in Sources */ = {isa = PBXBuildFile; fileRef = 18740CC52461A097009B57A8 /* CLog.c */; };
/* End PBXBuildFile section */

/* Begin PBXCopyFilesBuildPhase section */
		1849FF36245E443A00B41581 /* CopyFiles */ = {
			isa = PBXCopyFilesBuildPhase;
			buildActionMask = 2147483647;
			dstPath = /usr/share/man/man1/;
			dstSubfolderSpec = 0;
			files = (
			);
			runOnlyForDeploymentPostprocessing = 1;
		};
/* End PBXCopyFilesBuildPhase section */

/* Begin PBXFileReference section */
		18473D1D2468217B0058A9FB /* encodeMuxer.cpp */ = {isa = PBXFileReference; lastKnownFileType = sourcecode.cpp.cpp; path = encodeMuxer.cpp; sourceTree = "<group>"; };
		18473D1E2468217B0058A9FB /* encodeMuxer.hpp */ = {isa = PBXFileReference; lastKnownFileType = sourcecode.cpp.h; path = encodeMuxer.hpp; sourceTree = "<group>"; };
		1849FF38245E443A00B41581 /* 2-video_audio_advanced */ = {isa = PBXFileReference; explicitFileType = "compiled.mach-o.executable"; includeInIndex = 0; path = "2-video_audio_advanced"; sourceTree = BUILT_PRODUCTS_DIR; };
		1849FF3B245E443A00B41581 /* main.cpp */ = {isa = PBXFileReference; lastKnownFileType = sourcecode.cpp.cpp; path = main.cpp; sourceTree = "<group>"; };
		1849FF46245E453300B41581 /* transcode.cpp */ = {isa = PBXFileReference; lastKnownFileType = sourcecode.cpp.cpp; path = transcode.cpp; sourceTree = "<group>"; };
		1849FF48245EB95B00B41581 /* transcode.hpp */ = {isa = PBXFileReference; lastKnownFileType = sourcecode.cpp.h; path = transcode.hpp; sourceTree = "<group>"; };
		1849FF5A245EBAE800B41581 /* VideoToolbox.framework */ = {isa = PBXFileReference; lastKnownFileType = wrapper.framework; name = VideoToolbox.framework; path = System/Library/Frameworks/VideoToolbox.framework; sourceTree = SDKROOT; };
		1849FF5C245EBAF000B41581 /* VideoDecodeAcceleration.framework */ = {isa = PBXFileReference; lastKnownFileType = wrapper.framework; name = VideoDecodeAcceleration.framework; path = System/Library/Frameworks/VideoDecodeAcceleration.framework; sourceTree = SDKROOT; };
		1849FF5E245EBAFE00B41581 /* Security.framework */ = {isa = PBXFileReference; lastKnownFileType = wrapper.framework; name = Security.framework; path = System/Library/Frameworks/Security.framework; sourceTree = SDKROOT; };
		1849FF60245EBB0800B41581 /* libz.tbd */ = {isa = PBXFileReference; lastKnownFileType = "sourcecode.text-based-dylib-definition"; name = libz.tbd; path = usr/lib/libz.tbd; sourceTree = SDKROOT; };
		1849FF62245EBB1200B41581 /* liblzma.tbd */ = {isa = PBXFileReference; lastKnownFileType = "sourcecode.text-based-dylib-definition"; name = liblzma.tbd; path = usr/lib/liblzma.tbd; sourceTree = SDKROOT; };
		1849FF64245EBB1B00B41581 /* libiconv.tbd */ = {isa = PBXFileReference; lastKnownFileType = "sourcecode.text-based-dylib-definition"; name = libiconv.tbd; path = usr/lib/libiconv.tbd; sourceTree = SDKROOT; };
		1849FF66245EBB2800B41581 /* libbz2.tbd */ = {isa = PBXFileReference; lastKnownFileType = "sourcecode.text-based-dylib-definition"; name = libbz2.tbd; path = usr/lib/libbz2.tbd; sourceTree = SDKROOT; };
		1849FF68245EBB3400B41581 /* CoreVideo.framework */ = {isa = PBXFileReference; lastKnownFileType = wrapper.framework; name = CoreVideo.framework; path = System/Library/Frameworks/CoreVideo.framework; sourceTree = SDKROOT; };
		1849FF6A245EBB4000B41581 /* CoreMedia.framework */ = {isa = PBXFileReference; lastKnownFileType = wrapper.framework; name = CoreMedia.framework; path = System/Library/Frameworks/CoreMedia.framework; sourceTree = SDKROOT; };
		1849FF6C245EBB4D00B41581 /* CoreFoundation.framework */ = {isa = PBXFileReference; lastKnownFileType = wrapper.framework; name = CoreFoundation.framework; path = System/Library/Frameworks/CoreFoundation.framework; sourceTree = SDKROOT; };
		1849FF6E245EBB5700B41581 /* AudioToolbox.framework */ = {isa = PBXFileReference; lastKnownFileType = wrapper.framework; name = AudioToolbox.framework; path = System/Library/Frameworks/AudioToolbox.framework; sourceTree = SDKROOT; };
		18740CAC24619E99009B57A8 /* libmp3lame.a */ = {isa = PBXFileReference; lastKnownFileType = archive.ar; name = libmp3lame.a; path = ../ffmpeglib/lib/libmp3lame.a; sourceTree = "<group>"; };
		18740CAD24619E99009B57A8 /* libswresample.a */ = {isa = PBXFileReference; lastKnownFileType = archive.ar; name = libswresample.a; path = ../ffmpeglib/lib/libswresample.a; sourceTree = "<group>"; };
		18740CAE24619E99009B57A8 /* libavutil.a */ = {isa = PBXFileReference; lastKnownFileType = archive.ar; name = libavutil.a; path = ../ffmpeglib/lib/libavutil.a; sourceTree = "<group>"; };
		18740CAF24619E99009B57A8 /* libswscale.a */ = {isa = PBXFileReference; lastKnownFileType = archive.ar; name = libswscale.a; path = ../ffmpeglib/lib/libswscale.a; sourceTree = "<group>"; };
		18740CB024619E99009B57A8 /* libx264.a */ = {isa = PBXFileReference; lastKnownFileType = archive.ar; name = libx264.a; path = ../ffmpeglib/lib/libx264.a; sourceTree = "<group>"; };
		18740CB124619E99009B57A8 /* libavfilter.a */ = {isa = PBXFileReference; lastKnownFileType = archive.ar; name = libavfilter.a; path = ../ffmpeglib/lib/libavfilter.a; sourceTree = "<group>"; };
		18740CB224619E99009B57A8 /* libavcodec.a */ = {isa = PBXFileReference; lastKnownFileType = archive.ar; name = libavcodec.a; path = ../ffmpeglib/lib/libavcodec.a; sourceTree = "<group>"; };
		18740CB324619E99009B57A8 /* libavformat.a */ = {isa = PBXFileReference; lastKnownFileType = archive.ar; name = libavformat.a; path = ../ffmpeglib/lib/libavformat.a; sourceTree = "<group>"; };
		18740CC52461A097009B57A8 /* CLog.c */ = {isa = PBXFileReference; fileEncoding = 4; lastKnownFileType = sourcecode.c.c; path = CLog.c; sourceTree = "<group>"; };
		18740CC62461A097009B57A8 /* CLog.h */ = {isa = PBXFileReference; fileEncoding = 4; lastKnownFileType = sourcecode.c.h; path = CLog.h; sourceTree = "<group>"; };
/* End PBXFileReference section */

/* Begin PBXFrameworksBuildPhase section */
		1849FF35245E443A00B41581 /* Frameworks */ = {
			isa = PBXFrameworksBuildPhase;
			buildActionMask = 2147483647;
			files = (
				1849FF6F245EBB5700B41581 /* AudioToolbox.framework in Frameworks */,
				1849FF6D245EBB4D00B41581 /* CoreFoundation.framework in Frameworks */,
				1849FF6B245EBB4000B41581 /* CoreMedia.framework in Frameworks */,
				1849FF69245EBB3400B41581 /* CoreVideo.framework in Frameworks */,
				1849FF67245EBB2800B41581 /* libbz2.tbd in Frameworks */,
				1849FF65245EBB1C00B41581 /* libiconv.tbd in Frameworks */,
				1849FF63245EBB1200B41581 /* liblzma.tbd in Frameworks */,
				1849FF61245EBB0800B41581 /* libz.tbd in Frameworks */,
				1849FF5F245EBAFE00B41581 /* Security.framework in Frameworks */,
				1849FF5D245EBAF000B41581 /* VideoDecodeAcceleration.framework in Frameworks */,
				1849FF5B245EBAE800B41581 /* VideoToolbox.framework in Frameworks */,
				18740CB424619E99009B57A8 /* libmp3lame.a in Frameworks */,
				18740CB524619E99009B57A8 /* libswresample.a in Frameworks */,
				18740CB624619E99009B57A8 /* libavutil.a in Frameworks */,
				18740CB724619E99009B57A8 /* libswscale.a in Frameworks */,
				18740CB824619E99009B57A8 /* libx264.a in Frameworks */,
				18740CB924619E99009B57A8 /* libavfilter.a in Frameworks */,
				18740CBA24619E99009B57A8 /* libavcodec.a in Frameworks */,
				18740CBB24619E99009B57A8 /* libavformat.a in Frameworks */,
			);
			runOnlyForDeploymentPostprocessing = 0;
		};
/* End PBXFrameworksBuildPhase section */

/* Begin PBXGroup section */
		1849FF2F245E443A00B41581 = {
			isa = PBXGroup;
			children = (
				1849FF3A245E443A00B41581 /* 2-video_audio_advanced */,
				1849FF39245E443A00B41581 /* Products */,
				1849FF49245EB9C400B41581 /* Frameworks */,
			);
			sourceTree = "<group>";
		};
		1849FF39245E443A00B41581 /* Products */ = {
			isa = PBXGroup;
			children = (
				1849FF38245E443A00B41581 /* 2-video_audio_advanced */,
			);
			name = Products;
			sourceTree = "<group>";
		};
		1849FF3A245E443A00B41581 /* 2-video_audio_advanced */ = {
			isa = PBXGroup;
			children = (
				18740CC42461A097009B57A8 /* cppcommon */,
				1849FF3B245E443A00B41581 /* main.cpp */,
				1849FF46245E453300B41581 /* transcode.cpp */,
				1849FF48245EB95B00B41581 /* transcode.hpp */,
				18473D1D2468217B0058A9FB /* encodeMuxer.cpp */,
				18473D1E2468217B0058A9FB /* encodeMuxer.hpp */,
			);
			path = "2-video_audio_advanced";
			sourceTree = "<group>";
		};
		1849FF49245EB9C400B41581 /* Frameworks */ = {
			isa = PBXGroup;
			children = (
				18740CB224619E99009B57A8 /* libavcodec.a */,
				18740CB124619E99009B57A8 /* libavfilter.a */,
				18740CB324619E99009B57A8 /* libavformat.a */,
				18740CAE24619E99009B57A8 /* libavutil.a */,
				18740CAC24619E99009B57A8 /* libmp3lame.a */,
				18740CAD24619E99009B57A8 /* libswresample.a */,
				18740CAF24619E99009B57A8 /* libswscale.a */,
				18740CB024619E99009B57A8 /* libx264.a */,
				1849FF6E245EBB5700B41581 /* AudioToolbox.framework */,
				1849FF6C245EBB4D00B41581 /* CoreFoundation.framework */,
				1849FF6A245EBB4000B41581 /* CoreMedia.framework */,
				1849FF68245EBB3400B41581 /* CoreVideo.framework */,
				1849FF66245EBB2800B41581 /* libbz2.tbd */,
				1849FF64245EBB1B00B41581 /* libiconv.tbd */,
				1849FF62245EBB1200B41581 /* liblzma.tbd */,
				1849FF60245EBB0800B41581 /* libz.tbd */,
				1849FF5E245EBAFE00B41581 /* Security.framework */,
				1849FF5C245EBAF000B41581 /* VideoDecodeAcceleration.framework */,
				1849FF5A245EBAE800B41581 /* VideoToolbox.framework */,
			);
			name = Frameworks;
			sourceTree = "<group>";
		};
		18740CC42461A097009B57A8 /* cppcommon */ = {
			isa = PBXGroup;
			children = (
				18740CC52461A097009B57A8 /* CLog.c */,
				18740CC62461A097009B57A8 /* CLog.h */,
			);
			name = cppcommon;
			path = ../../cppcommon;
			sourceTree = "<group>";
		};
/* End PBXGroup section */

/* Begin PBXNativeTarget section */
		1849FF37245E443A00B41581 /* 2-video_audio_advanced */ = {
			isa = PBXNativeTarget;
			buildConfigurationList = 1849FF3F245E443A00B41581 /* Build configuration list for PBXNativeTarget "2-video_audio_advanced" */;
			buildPhases = (
				1849FF34245E443A00B41581 /* Sources */,
				1849FF35245E443A00B41581 /* Frameworks */,
				1849FF36245E443A00B41581 /* CopyFiles */,
			);
			buildRules = (
			);
			dependencies = (
			);
			name = "2-video_audio_advanced";
			productName = "2-video_audio_advanced";
			productReference = 1849FF38245E443A00B41581 /* 2-video_audio_advanced */;
			productType = "com.apple.product-type.tool";
		};
/* End PBXNativeTarget section */

/* Begin PBXProject section */
		1849FF30245E443A00B41581 /* Project object */ = {
			isa = PBXProject;
			attributes = {
				LastUpgradeCheck = 1140;
				ORGANIZATIONNAME = apple;
				TargetAttributes = {
					1849FF37245E443A00B41581 = {
						CreatedOnToolsVersion = 11.4;
					};
				};
			};
			buildConfigurationList = 1849FF33245E443A00B41581 /* Build configuration list for PBXProject "2-video_audio_advanced" */;
			compatibilityVersion = "Xcode 9.3";
			developmentRegion = en;
			hasScannedForEncodings = 0;
			knownRegions = (
				en,
				Base,
			);
			mainGroup = 1849FF2F245E443A00B41581;
			productRefGroup = 1849FF39245E443A00B41581 /* Products */;
			projectDirPath = "";
			projectRoot = "";
			targets = (
				1849FF37245E443A00B41581 /* 2-video_audio_advanced */,
			);
		};
/* End PBXProject section */

/* Begin PBXSourcesBuildPhase section */
		1849FF34245E443A00B41581 /* Sources */ = {
			isa = PBXSourcesBuildPhase;
			buildActionMask = 2147483647;
			files = (
				18740CC72461A097009B57A8 /* CLog.c in Sources */,
				1849FF47245E453300B41581 /* transcode.cpp in Sources */,
				1849FF3C245E443A00B41581 /* main.cpp in Sources */,
				18473D1F2468217B0058A9FB /* encodeMuxer.cpp in Sources */,
			);
			runOnlyForDeploymentPostprocessing = 0;
		};
/* End PBXSourcesBuildPhase section */

/* Begin XCBuildConfiguration section */
		1849FF3D245E443A00B41581 /* Debug */ = {
			isa = XCBuildConfiguration;
			buildSettings = {
				ALWAYS_SEARCH_USER_PATHS = NO;
				CLANG_ANALYZER_NONNULL = YES;
				CLANG_ANALYZER_NUMBER_OBJECT_CONVERSION = YES_AGGRESSIVE;
				CLANG_CXX_LANGUAGE_STANDARD = "gnu++14";
				CLANG_CXX_LIBRARY = "libc++";
				CLANG_ENABLE_MODULES = YES;
				CLANG_ENABLE_OBJC_ARC = YES;
				CLANG_ENABLE_OBJC_WEAK = YES;
				CLANG_WARN_BLOCK_CAPTURE_AUTORELEASING = YES;
				CLANG_WARN_BOOL_CONVERSION = YES;
				CLANG_WARN_COMMA = YES;
				CLANG_WARN_CONSTANT_CONVERSION = YES;
				CLANG_WARN_DEPRECATED_OBJC_IMPLEMENTATIONS = YES;
				CLANG_WARN_DIRECT_OBJC_ISA_USAGE = YES_ERROR;
				CLANG_WARN_DOCUMENTATION_COMMENTS = YES;
				CLANG_WARN_EMPTY_BODY = YES;
				CLANG_WARN_ENUM_CONVERSION = YES;
				CLANG_WARN_INFINITE_RECURSION = YES;
				CLANG_WARN_INT_CONVERSION = YES;
				CLANG_WARN_NON_LITERAL_NULL_CONVERSION = YES;
				CLANG_WARN_OBJC_IMPLICIT_RETAIN_SELF = YES;
				CLANG_WARN_OBJC_LITERAL_CONVERSION = YES;
				CLANG_WARN_OBJC_ROOT_CLASS = YES_ERROR;
				CLANG_WARN_RANGE_LOOP_ANALYSIS = YES;
				CLANG_WARN_STRICT_PROTOTYPES = YES;
				CLANG_WARN_SUSPICIOUS_MOVE = YES;
				CLANG_WARN_UNGUARDED_AVAILABILITY = YES_AGGRESSIVE;
				CLANG_WARN_UNREACHABLE_CODE = YES;
				CLANG_WARN__DUPLICATE_METHOD_MATCH = YES;
				COPY_PHASE_STRIP = NO;
				DEBUG_INFORMATION_FORMAT = dwarf;
				ENABLE_STRICT_OBJC_MSGSEND = YES;
				ENABLE_TESTABILITY = YES;
				GCC_C_LANGUAGE_STANDARD = gnu11;
				GCC_DYNAMIC_NO_PIC = NO;
				GCC_NO_COMMON_BLOCKS = YES;
				GCC_OPTIMIZATION_LEVEL = 0;
				GCC_PREPROCESSOR_DEFINITIONS = (
					"DEBUG=1",
					"$(inherited)",
				);
				GCC_WARN_64_TO_32_BIT_CONVERSION = YES;
				GCC_WARN_ABOUT_RETURN_TYPE = YES_ERROR;
				GCC_WARN_UNDECLARED_SELECTOR = YES;
				GCC_WARN_UNINITIALIZED_AUTOS = YES_AGGRESSIVE;
				GCC_WARN_UNUSED_FUNCTION = YES;
				GCC_WARN_UNUSED_VARIABLE = YES;
				MACOSX_DEPLOYMENT_TARGET = 10.15;
				MTL_ENABLE_DEBUG_INFO = INCLUDE_SOURCE;
				MTL_FAST_MATH = YES;
				ONLY_ACTIVE_ARCH = YES;
				SDKROOT = macosx;
			};
			name = Debug;
		};
		1849FF3E245E443A00B41581 /* Release */ = {
			isa = XCBuildConfiguration;
			buildSettings = {
				ALWAYS_SEARCH_USER_PATHS = NO;
				CLANG_ANALYZER_NONNULL = YES;
				CLANG_ANALYZER_NUMBER_OBJECT_CONVERSION = YES_AGGRESSIVE;
				CLANG_CXX_LANGUAGE_STANDARD = "gnu++14";
				CLANG_CXX_LIBRARY = "libc++";
				CLANG_ENABLE_MODULES = YES;
				CLANG_ENABLE_OBJC_ARC = YES;
				CLANG_ENABLE_OBJC_WEAK = YES;
				CLANG_WARN_BLOCK_CAPTURE_AUTORELEASING = YES;
				CLANG_WARN_BOOL_CONVERSION = YES;
				CLANG_WARN_COMMA = YES;
				CLANG_WARN_CONSTANT_CONVERSION = YES;
				CLANG_WARN_DEPRECATED_OBJC_IMPLEMENTATIONS = YES;
				CLANG_WARN_DIRECT_OBJC_ISA_USAGE = YES_ERROR;
				CLANG_WARN_DOCUMENTATION_COMMENTS = YES;
				CLANG_WARN_EMPTY_BODY = YES;
				CLANG_WARN_ENUM_CONVERSION = YES;
				CLANG_WARN_INFINITE_RECURSION = YES;
				CLANG_WARN_INT_CONVERSION = YES;
				CLANG_WARN_NON_LITERAL_NULL_CONVERSION = YES;
				CLANG_WARN_OBJC_IMPLICIT_RETAIN_SELF = YES;
				CLANG_WARN_OBJC_LITERAL_CONVERSION = YES;
				CLANG_WARN_OBJC_ROOT_CLASS = YES_ERROR;
				CLANG_WARN_RANGE_LOOP_ANALYSIS = YES;
				CLANG_WARN_STRICT_PROTOTYPES = YES;
				CLANG_WARN_SUSPICIOUS_MOVE = YES;
				CLANG_WARN_UNGUARDED_AVAILABILITY = YES_AGGRESSIVE;
				CLANG_WARN_UNREACHABLE_CODE = YES;
				CLANG_WARN__DUPLICATE_METHOD_MATCH = YES;
				COPY_PHASE_STRIP = NO;
				DEBUG_INFORMATION_FORMAT = "dwarf-with-dsym";
				ENABLE_NS_ASSERTIONS = NO;
				ENABLE_STRICT_OBJC_MSGSEND = YES;
				GCC_C_LANGUAGE_STANDARD = gnu11;
				GCC_NO_COMMON_BLOCKS = YES;
				GCC_WARN_64_TO_32_BIT_CONVERSION = YES;
				GCC_WARN_ABOUT_RETURN_TYPE = YES_ERROR;
				GCC_WARN_UNDECLARED_SELECTOR = YES;
				GCC_WARN_UNINITIALIZED_AUTOS = YES_AGGRESSIVE;
				GCC_WARN_UNUSED_FUNCTION = YES;
				GCC_WARN_UNUSED_VARIABLE = YES;
				MACOSX_DEPLOYMENT_TARGET = 10.15;
				MTL_ENABLE_DEBUG_INFO = NO;
				MTL_FAST_MATH = YES;
				SDKROOT = macosx;
			};
			name = Release;
		};
		1849FF40245E443A00B41581 /* Debug */ = {
			isa = XCBuildConfiguration;
			buildSettings = {
				CODE_SIGN_STYLE = Automatic;
				DEVELOPMENT_TEAM = AKBWT3F327;
				ENABLE_HARDENED_RUNTIME = YES;
				HEADER_SEARCH_PATHS = (
					"${SRCROOT}/../ffmpeglib/include",
					"${SRCROOT}/../",
				);
				LIBRARY_SEARCH_PATHS = "${SRCROOT}/../ffmpeglib/lib";
				PRODUCT_NAME = "$(TARGET_NAME)";
				USER_HEADER_SEARCH_PATHS = "";
			};
			name = Debug;
		};
		1849FF41245E443A00B41581 /* Release */ = {
			isa = XCBuildConfiguration;
			buildSettings = {
				CODE_SIGN_STYLE = Automatic;
				DEVELOPMENT_TEAM = AKBWT3F327;
				ENABLE_HARDENED_RUNTIME = YES;
				HEADER_SEARCH_PATHS = (
					"${SRCROOT}/../ffmpeglib/include",
					"${SRCROOT}/../",
				);
				LIBRARY_SEARCH_PATHS = "${SRCROOT}/../ffmpeglib/lib";
				PRODUCT_NAME = "$(TARGET_NAME)";
				USER_HEADER_SEARCH_PATHS = "";
			};
			name = Release;
		};
/* End XCBuildConfiguration section */

/* Begin XCConfigurationList section */
		1849FF33245E443A00B41581 /* Build configuration list for PBXProject "2-video_audio_advanced" */ = {
			isa = XCConfigurationList;
			buildConfigurations = (
				1849FF3D245E443A00B41581 /* Debug */,
				1849FF3E245E443A00B41581 /* Release */,
			);
			defaultConfigurationIsVisible = 0;
			defaultConfigurationName = Release;
		};
		1849FF3F245E443A00B41581 /* Build configuration list for PBXNativeTarget "2-video_audio_advanced" */ = {
			isa = XCConfigurationList;
			buildConfigurations = (
				1849FF40245E443A00B41581 /* Debug */,
				1849FF41245E443A00B41581 /* Release */,
			);
			defaultConfigurationIsVisible = 0;
			defaultConfigurationName = Release;
		};
/* End XCConfigurationList section */
	};
	rootObject = 1849FF30245E443A00B41581 /* Project object */;
}
